// !$*UTF8*$!
{
	archiveVersion = 1;
	classes = {
	};
	objectVersion = 46;
	objects = {

/* Begin PBXBuildFile section */
		DA53ED761E5CCBAA00E42E74 /* main.m in Sources */ = {isa = PBXBuildFile; fileRef = DA53ED751E5CCBAA00E42E74 /* main.m */; };
		DA53ED791E5CCBAA00E42E74 /* AppDelegate.m in Sources */ = {isa = PBXBuildFile; fileRef = DA53ED781E5CCBAA00E42E74 /* AppDelegate.m */; };
		DA53ED7C1E5CCBAA00E42E74 /* ViewController.m in Sources */ = {isa = PBXBuildFile; fileRef = DA53ED7B1E5CCBAA00E42E74 /* ViewController.m */; };
		DA53ED7F1E5CCBAA00E42E74 /* Main.storyboard in Resources */ = {isa = PBXBuildFile; fileRef = DA53ED7D1E5CCBAA00E42E74 /* Main.storyboard */; };
		DA53ED821E5CCBAA00E42E74 /* EveryDo.xcdatamodeld in Sources */ = {isa = PBXBuildFile; fileRef = DA53ED801E5CCBAA00E42E74 /* EveryDo.xcdatamodeld */; };
		DA53ED841E5CCBAA00E42E74 /* Assets.xcassets in Resources */ = {isa = PBXBuildFile; fileRef = DA53ED831E5CCBAA00E42E74 /* Assets.xcassets */; };
		DA53ED871E5CCBAA00E42E74 /* LaunchScreen.storyboard in Resources */ = {isa = PBXBuildFile; fileRef = DA53ED851E5CCBAA00E42E74 /* LaunchScreen.storyboard */; };
		DA53ED901E5CFCE700E42E74 /* MasterViewController.m in Sources */ = {isa = PBXBuildFile; fileRef = DA53ED8F1E5CFCE700E42E74 /* MasterViewController.m */; };
		DA53ED931E5CFFA100E42E74 /* CreateTask.m in Sources */ = {isa = PBXBuildFile; fileRef = DA53ED921E5CFFA100E42E74 /* CreateTask.m */; };
		DA53ED991E5D259D00E42E74 /* CreateNewCell.m in Sources */ = {isa = PBXBuildFile; fileRef = DA53ED981E5D259D00E42E74 /* CreateNewCell.m */; };
		DA53ED9C1E5D483200E42E74 /* DetailViewController.m in Sources */ = {isa = PBXBuildFile; fileRef = DA53ED9B1E5D483200E42E74 /* DetailViewController.m */; };
		DA53ED9F1E5D741600E42E74 /* AddNewTaskViewController.m in Sources */ = {isa = PBXBuildFile; fileRef = DA53ED9E1E5D741600E42E74 /* AddNewTaskViewController.m */; };
/* End PBXBuildFile section */

/* Begin PBXFileReference section */
		DA53ED711E5CCBAA00E42E74 /* EveryDo.app */ = {isa = PBXFileReference; explicitFileType = wrapper.application; includeInIndex = 0; path = EveryDo.app; sourceTree = BUILT_PRODUCTS_DIR; };
		DA53ED751E5CCBAA00E42E74 /* main.m */ = {isa = PBXFileReference; lastKnownFileType = sourcecode.c.objc; path = main.m; sourceTree = "<group>"; };
		DA53ED771E5CCBAA00E42E74 /* AppDelegate.h */ = {isa = PBXFileReference; lastKnownFileType = sourcecode.c.h; path = AppDelegate.h; sourceTree = "<group>"; };
		DA53ED781E5CCBAA00E42E74 /* AppDelegate.m */ = {isa = PBXFileReference; lastKnownFileType = sourcecode.c.objc; path = AppDelegate.m; sourceTree = "<group>"; };
		DA53ED7A1E5CCBAA00E42E74 /* ViewController.h */ = {isa = PBXFileReference; lastKnownFileType = sourcecode.c.h; path = ViewController.h; sourceTree = "<group>"; };
		DA53ED7B1E5CCBAA00E42E74 /* ViewController.m */ = {isa = PBXFileReference; lastKnownFileType = sourcecode.c.objc; path = ViewController.m; sourceTree = "<group>"; };
		DA53ED7E1E5CCBAA00E42E74 /* Base */ = {isa = PBXFileReference; lastKnownFileType = file.storyboard; name = Base; path = Base.lproj/Main.storyboard; sourceTree = "<group>"; };
		DA53ED811E5CCBAA00E42E74 /* EveryDo.xcdatamodel */ = {isa = PBXFileReference; lastKnownFileType = wrapper.xcdatamodel; path = EveryDo.xcdatamodel; sourceTree = "<group>"; };
		DA53ED831E5CCBAA00E42E74 /* Assets.xcassets */ = {isa = PBXFileReference; lastKnownFileType = folder.assetcatalog; path = Assets.xcassets; sourceTree = "<group>"; };
		DA53ED861E5CCBAA00E42E74 /* Base */ = {isa = PBXFileReference; lastKnownFileType = file.storyboard; name = Base; path = Base.lproj/LaunchScreen.storyboard; sourceTree = "<group>"; };
		DA53ED881E5CCBAA00E42E74 /* Info.plist */ = {isa = PBXFileReference; lastKnownFileType = text.plist.xml; path = Info.plist; sourceTree = "<group>"; };
		DA53ED8E1E5CFCE700E42E74 /* MasterViewController.h */ = {isa = PBXFileReference; fileEncoding = 4; lastKnownFileType = sourcecode.c.h; path = MasterViewController.h; sourceTree = "<group>"; };
		DA53ED8F1E5CFCE700E42E74 /* MasterViewController.m */ = {isa = PBXFileReference; fileEncoding = 4; lastKnownFileType = sourcecode.c.objc; path = MasterViewController.m; sourceTree = "<group>"; };
		DA53ED911E5CFFA100E42E74 /* CreateTask.h */ = {isa = PBXFileReference; fileEncoding = 4; lastKnownFileType = sourcecode.c.h; path = CreateTask.h; sourceTree = "<group>"; };
		DA53ED921E5CFFA100E42E74 /* CreateTask.m */ = {isa = PBXFileReference; fileEncoding = 4; lastKnownFileType = sourcecode.c.objc; path = CreateTask.m; sourceTree = "<group>"; };
		DA53ED971E5D259D00E42E74 /* CreateNewCell.h */ = {isa = PBXFileReference; fileEncoding = 4; lastKnownFileType = sourcecode.c.h; path = CreateNewCell.h; sourceTree = "<group>"; };
		DA53ED981E5D259D00E42E74 /* CreateNewCell.m */ = {isa = PBXFileReference; fileEncoding = 4; lastKnownFileType = sourcecode.c.objc; path = CreateNewCell.m; sourceTree = "<group>"; };
		DA53ED9A1E5D483100E42E74 /* DetailViewController.h */ = {isa = PBXFileReference; fileEncoding = 4; lastKnownFileType = sourcecode.c.h; path = DetailViewController.h; sourceTree = "<group>"; };
		DA53ED9B1E5D483200E42E74 /* DetailViewController.m */ = {isa = PBXFileReference; fileEncoding = 4; lastKnownFileType = sourcecode.c.objc; path = DetailViewController.m; sourceTree = "<group>"; };
		DA53ED9D1E5D741600E42E74 /* AddNewTaskViewController.h */ = {isa = PBXFileReference; fileEncoding = 4; lastKnownFileType = sourcecode.c.h; path = AddNewTaskViewController.h; sourceTree = "<group>"; };
		DA53ED9E1E5D741600E42E74 /* AddNewTaskViewController.m */ = {isa = PBXFileReference; fileEncoding = 4; lastKnownFileType = sourcecode.c.objc; path = AddNewTaskViewController.m; sourceTree = "<group>"; };
/* End PBXFileReference section */

/* Begin PBXFrameworksBuildPhase section */
		DA53ED6E1E5CCBAA00E42E74 /* Frameworks */ = {
			isa = PBXFrameworksBuildPhase;
			buildActionMask = 2147483647;
			files = (
			);
			runOnlyForDeploymentPostprocessing = 0;
		};
/* End PBXFrameworksBuildPhase section */

/* Begin PBXGroup section */
		DA53ED681E5CCBAA00E42E74 = {
			isa = PBXGroup;
			children = (
				DA53ED731E5CCBAA00E42E74 /* EveryDo */,
				DA53ED721E5CCBAA00E42E74 /* Products */,
			);
			sourceTree = "<group>";
		};
		DA53ED721E5CCBAA00E42E74 /* Products */ = {
			isa = PBXGroup;
			children = (
				DA53ED711E5CCBAA00E42E74 /* EveryDo.app */,
			);
			name = Products;
			sourceTree = "<group>";
		};
		DA53ED731E5CCBAA00E42E74 /* EveryDo */ = {
			isa = PBXGroup;
			children = (
				DA53ED771E5CCBAA00E42E74 /* AppDelegate.h */,
				DA53ED781E5CCBAA00E42E74 /* AppDelegate.m */,
				DA53ED7A1E5CCBAA00E42E74 /* ViewController.h */,
				DA53ED7B1E5CCBAA00E42E74 /* ViewController.m */,
				DA53ED7D1E5CCBAA00E42E74 /* Main.storyboard */,
				DA53ED831E5CCBAA00E42E74 /* Assets.xcassets */,
				DA53ED851E5CCBAA00E42E74 /* LaunchScreen.storyboard */,
				DA53ED881E5CCBAA00E42E74 /* Info.plist */,
				DA53ED801E5CCBAA00E42E74 /* EveryDo.xcdatamodeld */,
				DA53ED741E5CCBAA00E42E74 /* Supporting Files */,
				DA53ED8E1E5CFCE700E42E74 /* MasterViewController.h */,
				DA53ED8F1E5CFCE700E42E74 /* MasterViewController.m */,
				DA53ED911E5CFFA100E42E74 /* CreateTask.h */,
				DA53ED921E5CFFA100E42E74 /* CreateTask.m */,
				DA53ED971E5D259D00E42E74 /* CreateNewCell.h */,
				DA53ED981E5D259D00E42E74 /* CreateNewCell.m */,
				DA53ED9A1E5D483100E42E74 /* DetailViewController.h */,
				DA53ED9B1E5D483200E42E74 /* DetailViewController.m */,
				DA53ED9D1E5D741600E42E74 /* AddNewTaskViewController.h */,
				DA53ED9E1E5D741600E42E74 /* AddNewTaskViewController.m */,
			);
			path = EveryDo;
			sourceTree = "<group>";
		};
		DA53ED741E5CCBAA00E42E74 /* Supporting Files */ = {
			isa = PBXGroup;
			children = (
				DA53ED751E5CCBAA00E42E74 /* main.m */,
			);
			name = "Supporting Files";
			sourceTree = "<group>";
		};
/* End PBXGroup section */

/* Begin PBXNativeTarget section */
		DA53ED701E5CCBAA00E42E74 /* EveryDo */ = {
			isa = PBXNativeTarget;
			buildConfigurationList = DA53ED8B1E5CCBAA00E42E74 /* Build configuration list for PBXNativeTarget "EveryDo" */;
			buildPhases = (
				DA53ED6D1E5CCBAA00E42E74 /* Sources */,
				DA53ED6E1E5CCBAA00E42E74 /* Frameworks */,
				DA53ED6F1E5CCBAA00E42E74 /* Resources */,
			);
			buildRules = (
			);
			dependencies = (
			);
			name = EveryDo;
			productName = EveryDo;
			productReference = DA53ED711E5CCBAA00E42E74 /* EveryDo.app */;
			productType = "com.apple.product-type.application";
		};
/* End PBXNativeTarget section */

/* Begin PBXProject section */
		DA53ED691E5CCBAA00E42E74 /* Project object */ = {
			isa = PBXProject;
			attributes = {
				LastUpgradeCheck = 0820;
				ORGANIZATIONNAME = leomoon;
				TargetAttributes = {
					DA53ED701E5CCBAA00E42E74 = {
						CreatedOnToolsVersion = 8.2.1;
						DevelopmentTeam = UZD8JHA5UW;
						ProvisioningStyle = Automatic;
					};
				};
			};
			buildConfigurationList = DA53ED6C1E5CCBAA00E42E74 /* Build configuration list for PBXProject "EveryDo" */;
			compatibilityVersion = "Xcode 3.2";
			developmentRegion = English;
			hasScannedForEncodings = 0;
			knownRegions = (
				en,
				Base,
			);
			mainGroup = DA53ED681E5CCBAA00E42E74;
			productRefGroup = DA53ED721E5CCBAA00E42E74 /* Products */;
			projectDirPath = "";
			projectRoot = "";
			targets = (
				DA53ED701E5CCBAA00E42E74 /* EveryDo */,
			);
		};
/* End PBXProject section */

/* Begin PBXResourcesBuildPhase section */
		DA53ED6F1E5CCBAA00E42E74 /* Resources */ = {
			isa = PBXResourcesBuildPhase;
			buildActionMask = 2147483647;
			files = (
				DA53ED871E5CCBAA00E42E74 /* LaunchScreen.storyboard in Resources */,
				DA53ED841E5CCBAA00E42E74 /* Assets.xcassets in Resources */,
				DA53ED7F1E5CCBAA00E42E74 /* Main.storyboard in Resources */,
			);
			runOnlyForDeploymentPostprocessing = 0;
		};
/* End PBXResourcesBuildPhase section */

/* Begin PBXSourcesBuildPhase section */
		DA53ED6D1E5CCBAA00E42E74 /* Sources */ = {
			isa = PBXSourcesBuildPhase;
			buildActionMask = 2147483647;
			files = (
				DA53ED7C1E5CCBAA00E42E74 /* ViewController.m in Sources */,
				DA53ED791E5CCBAA00E42E74 /* AppDelegate.m in Sources */,
				DA53ED931E5CFFA100E42E74 /* CreateTask.m in Sources */,
				DA53ED9C1E5D483200E42E74 /* DetailViewController.m in Sources */,
				DA53ED991E5D259D00E42E74 /* CreateNewCell.m in Sources */,
				DA53ED821E5CCBAA00E42E74 /* EveryDo.xcdatamodeld in Sources */,
				DA53ED901E5CFCE700E42E74 /* MasterViewController.m in Sources */,
				DA53ED9F1E5D741600E42E74 /* AddNewTaskViewController.m in Sources */,
				DA53ED761E5CCBAA00E42E74 /* main.m in Sources */,
			);
			runOnlyForDeploymentPostprocessing = 0;
		};
/* End PBXSourcesBuildPhase section */

/* Begin PBXVariantGroup section */
		DA53ED7D1E5CCBAA00E42E74 /* Main.storyboard */ = {
			isa = PBXVariantGroup;
			children = (
				DA53ED7E1E5CCBAA00E42E74 /* Base */,
			);
			name = Main.storyboard;
			sourceTree = "<group>";
		};
		DA53ED851E5CCBAA00E42E74 /* LaunchScreen.storyboard */ = {
			isa = PBXVariantGroup;
			children = (
				DA53ED861E5CCBAA00E42E74 /* Base */,
			);
			name = LaunchScreen.storyboard;
			sourceTree = "<group>";
		};
/* End PBXVariantGroup section */

/* Begin XCBuildConfiguration section */
		DA53ED891E5CCBAA00E42E74 /* Debug */ = {
			isa = XCBuildConfiguration;
			buildSettings = {
				ALWAYS_SEARCH_USER_PATHS = NO;
				CLANG_ANALYZER_NONNULL = YES;
				CLANG_CXX_LANGUAGE_STANDARD = "gnu++0x";
				CLANG_CXX_LIBRARY = "libc++";
				CLANG_ENABLE_MODULES = YES;
				CLANG_ENABLE_OBJC_ARC = YES;
				CLANG_WARN_BOOL_CONVERSION = YES;
				CLANG_WARN_CONSTANT_CONVERSION = YES;
				CLANG_WARN_DIRECT_OBJC_ISA_USAGE = YES_ERROR;
				CLANG_WARN_DOCUMENTATION_COMMENTS = YES;
				CLANG_WARN_EMPTY_BODY = YES;
				CLANG_WARN_ENUM_CONVERSION = YES;
				CLANG_WARN_INFINITE_RECURSION = YES;
				CLANG_WARN_INT_CONVERSION = YES;
				CLANG_WARN_OBJC_ROOT_CLASS = YES_ERROR;
				CLANG_WARN_SUSPICIOUS_MOVE = YES;
				CLANG_WARN_UNREACHABLE_CODE = YES;
				CLANG_WARN__DUPLICATE_METHOD_MATCH = YES;
				"CODE_SIGN_IDENTITY[sdk=iphoneos*]" = "iPhone Developer";
				COPY_PHASE_STRIP = NO;
				DEBUG_INFORMATION_FORMAT = dwarf;
				ENABLE_STRICT_OBJC_MSGSEND = YES;
				ENABLE_TESTABILITY = YES;
				GCC_C_LANGUAGE_STANDARD = gnu99;
				GCC_DYNAMIC_NO_PIC = NO;
				GCC_NO_COMMON_BLOCKS = YES;
				GCC_OPTIMIZATION_LEVEL = 0;
				GCC_PREPROCESSOR_DEFINITIONS = (
					"DEBUG=1",
					"$(inherited)",
				);
				GCC_WARN_64_TO_32_BIT_CONVERSION = YES;
				GCC_WARN_ABOUT_RETURN_TYPE = YES_ERROR;
				GCC_WARN_UNDECLARED_SELECTOR = YES;
				GCC_WARN_UNINITIALIZED_AUTOS = YES_AGGRESSIVE;
				GCC_WARN_UNUSED_FUNCTION = YES;
				GCC_WARN_UNUSED_VARIABLE = YES;
				IPHONEOS_DEPLOYMENT_TARGET = 10.2;
				MTL_ENABLE_DEBUG_INFO = YES;
				ONLY_ACTIVE_ARCH = YES;
				SDKROOT = iphoneos;
				TARGETED_DEVICE_FAMILY = "1,2";
			};
			name = Debug;
		};
		DA53ED8A1E5CCBAA00E42E74 /* Release */ = {
			isa = XCBuildConfiguration;
			buildSettings = {
				ALWAYS_SEARCH_USER_PATHS = NO;
				CLANG_ANALYZER_NONNULL = YES;
				CLANG_CXX_LANGUAGE_STANDARD = "gnu++0x";
				CLANG_CXX_LIBRARY = "libc++";
				CLANG_ENABLE_MODULES = YES;
				CLANG_ENABLE_OBJC_ARC = YES;
				CLANG_WARN_BOOL_CONVERSION = YES;
				CLANG_WARN_CONSTANT_CONVERSION = YES;
				CLANG_WARN_DIRECT_OBJC_ISA_USAGE = YES_ERROR;
				CLANG_WARN_DOCUMENTATION_COMMENTS = YES;
				CLANG_WARN_EMPTY_BODY = YES;
				CLANG_WARN_ENUM_CONVERSION = YES;
				CLANG_WARN_INFINITE_RECURSION = YES;
				CLANG_WARN_INT_CONVERSION = YES;
				CLANG_WARN_OBJC_ROOT_CLASS = YES_ERROR;
				CLANG_WARN_SUSPICIOUS_MOVE = YES;
				CLANG_WARN_UNREACHABLE_CODE = YES;
				CLANG_WARN__DUPLICATE_METHOD_MATCH = YES;
				"CODE_SIGN_IDENTITY[sdk=iphoneos*]" = "iPhone Developer";
				COPY_PHASE_STRIP = NO;
				DEBUG_INFORMATION_FORMAT = "dwarf-with-dsym";
				ENABLE_NS_ASSERTIONS = NO;
				ENABLE_STRICT_OBJC_MSGSEND = YES;
				GCC_C_LANGUAGE_STANDARD = gnu99;
				GCC_NO_COMMON_BLOCKS = YES;
				GCC_WARN_64_TO_32_BIT_CONVERSION = YES;
				GCC_WARN_ABOUT_RETURN_TYPE = YES_ERROR;
				GCC_WARN_UNDECLARED_SELECTOR = YES;
				GCC_WARN_UNINITIALIZED_AUTOS = YES_AGGRESSIVE;
				GCC_WARN_UNUSED_FUNCTION = YES;
				GCC_WARN_UNUSED_VARIABLE = YES;
				IPHONEOS_DEPLOYMENT_TARGET = 10.2;
				MTL_ENABLE_DEBUG_INFO = NO;
				SDKROOT = iphoneos;
				TARGETED_DEVICE_FAMILY = "1,2";
				VALIDATE_PRODUCT = YES;
			};
			name = Release;
		};
		DA53ED8C1E5CCBAA00E42E74 /* Debug */ = {
			isa = XCBuildConfiguration;
			buildSettings = {
				ASSETCATALOG_COMPILER_APPICON_NAME = AppIcon;
				DEVELOPMENT_TEAM = UZD8JHA5UW;
				INFOPLIST_FILE = EveryDo/Info.plist;
				LD_RUNPATH_SEARCH_PATHS = "$(inherited) @executable_path/Frameworks";
				PRODUCT_BUNDLE_IDENTIFIER = com.leomoon.EveryDo;
				PRODUCT_NAME = "$(TARGET_NAME)";
			};
			name = Debug;
		};
		DA53ED8D1E5CCBAA00E42E74 /* Release */ = {
			isa = XCBuildConfiguration;
			buildSettings = {
				ASSETCATALOG_COMPILER_APPICON_NAME = AppIcon;
				DEVELOPMENT_TEAM = UZD8JHA5UW;
				INFOPLIST_FILE = EveryDo/Info.plist;
				LD_RUNPATH_SEARCH_PATHS = "$(inherited) @executable_path/Frameworks";
				PRODUCT_BUNDLE_IDENTIFIER = com.leomoon.EveryDo;
				PRODUCT_NAME = "$(TARGET_NAME)";
			};
			name = Release;
		};
/* End XCBuildConfiguration section */

/* Begin XCConfigurationList section */
		DA53ED6C1E5CCBAA00E42E74 /* Build configuration list for PBXProject "EveryDo" */ = {
			isa = XCConfigurationList;
			buildConfigurations = (
				DA53ED891E5CCBAA00E42E74 /* Debug */,
				DA53ED8A1E5CCBAA00E42E74 /* Release */,
			);
			defaultConfigurationIsVisible = 0;
			defaultConfigurationName = Release;
		};
		DA53ED8B1E5CCBAA00E42E74 /* Build configuration list for PBXNativeTarget "EveryDo" */ = {
			isa = XCConfigurationList;
			buildConfigurations = (
				DA53ED8C1E5CCBAA00E42E74 /* Debug */,
				DA53ED8D1E5CCBAA00E42E74 /* Release */,
			);
			defaultConfigurationIsVisible = 0;
			defaultConfigurationName = Release;
		};
/* End XCConfigurationList section */

/* Begin XCVersionGroup section */
		DA53ED801E5CCBAA00E42E74 /* EveryDo.xcdatamodeld */ = {
			isa = XCVersionGroup;
			children = (
				DA53ED811E5CCBAA00E42E74 /* EveryDo.xcdatamodel */,
			);
			currentVersion = DA53ED811E5CCBAA00E42E74 /* EveryDo.xcdatamodel */;
			path = EveryDo.xcdatamodeld;
			sourceTree = "<group>";
			versionGroupType = wrapper.xcdatamodel;
		};
/* End XCVersionGroup section */
	};
	rootObject = DA53ED691E5CCBAA00E42E74 /* Project object */;
}
